<Solution>
  <Folder Name="/src/">
    <Project Path="src/SharedKernel/Tendero.SharedKernel.csproj" />
    <Project Path="src/Catalog/Tendero.Catalog.csproj" />
    <Project Path="src/Ordering/Tendero.Ordering.csproj" />
    <Project Path="src/Search/Tendero.Search.csproj" />
  </Folder>
</Solution>
